
Microsoft Visual Studio Solution File, Format Version 12.00
# Visual Studio Version 17
VisualStudioVersion = 17.6.33801.468
MinimumVisualStudioVersion = 10.0.40219.1
Project("{FAE04EC0-301F-11D3-BF4B-00C04F79EFBC}") = "School Library Managment System", "School Library Managment System.csproj", "{0B361B41-AD10-4A10-932A-2488AE7BB7E1}"
EndProject
Global
	GlobalSection(SolutionConfigurationPlatforms) = preSolution
		Debug|Any CPU = Debug|Any CPU
		Release|Any CPU = Release|Any CPU
	EndGlobalSection
	GlobalSection(ProjectConfigurationPlatforms) = postSolution
		{0B361B41-AD10-4A10-932A-2488AE7BB7E1}.Debug|Any CPU.ActiveCfg = Debug|Any CPU
		{0B361B41-AD10-4A10-932A-2488AE7BB7E1}.Debug|Any CPU.Build.0 = Debug|Any CPU
		{0B361B41-AD10-4A10-932A-2488AE7BB7E1}.Release|Any CPU.ActiveCfg = Release|Any CPU
		{0B361B41-AD10-4A10-932A-2488AE7BB7E1}.Release|Any CPU.Build.0 = Release|Any CPU
	EndGlobalSection
	GlobalSection(SolutionProperties) = preSolution
		HideSolutionNode = FALSE
	EndGlobalSection
	GlobalSection(ExtensibilityGlobals) = postSolution
		SolutionGuid = {FFA52215-82F1-45DE-B036-426C69164E05}
	EndGlobalSection
EndGlobal
